// !$*UTF8*$!
{
	archiveVersion = 1;
	classes = {
	};
	objectVersion = 56;
	objects = {

/* Begin PBXBuildFile section */
		1077C4FC4F5B717577E416C7 /* Pods_Catstagram.framework in Frameworks */ = {isa = PBXBuildFile; fileRef = 931C4E660FA203EBC1C1E91D /* Pods_Catstagram.framework */; };
		3734D8C629D199A100D4B0C5 /* AppDelegate.swift in Sources */ = {isa = PBXBuildFile; fileRef = 3734D8C529D199A100D4B0C5 /* AppDelegate.swift */; };
		3734D8C829D199A100D4B0C5 /* SceneDelegate.swift in Sources */ = {isa = PBXBuildFile; fileRef = 3734D8C729D199A100D4B0C5 /* SceneDelegate.swift */; };
		3734D8CD29D199A100D4B0C5 /* Main.storyboard in Resources */ = {isa = PBXBuildFile; fileRef = 3734D8CB29D199A100D4B0C5 /* Main.storyboard */; };
		3734D8CF29D199A400D4B0C5 /* Assets.xcassets in Resources */ = {isa = PBXBuildFile; fileRef = 3734D8CE29D199A400D4B0C5 /* Assets.xcassets */; };
		3734D8D229D199A400D4B0C5 /* LaunchScreen.storyboard in Resources */ = {isa = PBXBuildFile; fileRef = 3734D8D029D199A400D4B0C5 /* LaunchScreen.storyboard */; };
		3734D8DA29D27F6900D4B0C5 /* RegisterViewController.swift in Sources */ = {isa = PBXBuildFile; fileRef = 3734D8D929D27F6900D4B0C5 /* RegisterViewController.swift */; };
		3734D8DC29D27FA800D4B0C5 /* LoginViewController.swift in Sources */ = {isa = PBXBuildFile; fileRef = 3734D8DB29D27FA800D4B0C5 /* LoginViewController.swift */; };
		3734D8DE29D31A3B00D4B0C5 /* UIView+Extension.swift in Sources */ = {isa = PBXBuildFile; fileRef = 3734D8DD29D31A3B00D4B0C5 /* UIView+Extension.swift */; };
		3734D8E029D31CBF00D4B0C5 /* UIViewController+Extension.swift in Sources */ = {isa = PBXBuildFile; fileRef = 3734D8DF29D31CBF00D4B0C5 /* UIViewController+Extension.swift */; };
		3734D8E229D46AC600D4B0C5 /* UserInfo.swift in Sources */ = {isa = PBXBuildFile; fileRef = 3734D8E129D46AC600D4B0C5 /* UserInfo.swift */; };
		3734D8E429D471BD00D4B0C5 /* TestViewController.swift in Sources */ = {isa = PBXBuildFile; fileRef = 3734D8E329D471BD00D4B0C5 /* TestViewController.swift */; };
		375DC9E62A13BA6B004295A3 /* FeedAPIInput.swift in Sources */ = {isa = PBXBuildFile; fileRef = 375DC9E52A13BA6B004295A3 /* FeedAPIInput.swift */; };
		375DC9E82A13BB3F004295A3 /* FeedModel.swift in Sources */ = {isa = PBXBuildFile; fileRef = 375DC9E72A13BB3F004295A3 /* FeedModel.swift */; };
		375DC9EA2A13BBAC004295A3 /* FeedDataManager.swift in Sources */ = {isa = PBXBuildFile; fileRef = 375DC9E92A13BBAC004295A3 /* FeedDataManager.swift */; };
		375DC9ED2A13DDAA004295A3 /* FeedUploadInput.swift in Sources */ = {isa = PBXBuildFile; fileRef = 375DC9EC2A13DDAA004295A3 /* FeedUploadInput.swift */; };
		375DC9EF2A13DDFB004295A3 /* FeedUploadModel.swift in Sources */ = {isa = PBXBuildFile; fileRef = 375DC9EE2A13DDFB004295A3 /* FeedUploadModel.swift */; };
		375DC9F12A13DED9004295A3 /* FeedUploadDataManager.swift in Sources */ = {isa = PBXBuildFile; fileRef = 375DC9F02A13DED9004295A3 /* FeedUploadDataManager.swift */; };
		375DC9F92A13E94F004295A3 /* UserFeedModel.swift in Sources */ = {isa = PBXBuildFile; fileRef = 375DC9F82A13E94F004295A3 /* UserFeedModel.swift */; };
		375DC9FB2A13EC4B004295A3 /* UserFeedDataManager.swift in Sources */ = {isa = PBXBuildFile; fileRef = 375DC9FA2A13EC4B004295A3 /* UserFeedDataManager.swift */; };
		37AA62AD29FFA3640098DE37 /* HomeViewController.swift in Sources */ = {isa = PBXBuildFile; fileRef = 37AA62AC29FFA3640098DE37 /* HomeViewController.swift */; };
		37AA62B129FFA80C0098DE37 /* FeedTableViewCell.swift in Sources */ = {isa = PBXBuildFile; fileRef = 37AA62AF29FFA80C0098DE37 /* FeedTableViewCell.swift */; };
		37AA62B229FFA80C0098DE37 /* FeedTableViewCell.xib in Resources */ = {isa = PBXBuildFile; fileRef = 37AA62B029FFA80C0098DE37 /* FeedTableViewCell.xib */; };
		37FE6BF72A0272520064594A /* StoryTableViewCell.swift in Sources */ = {isa = PBXBuildFile; fileRef = 37FE6BF52A0272520064594A /* StoryTableViewCell.swift */; };
		37FE6BF82A0272520064594A /* StoryTableViewCell.xib in Resources */ = {isa = PBXBuildFile; fileRef = 37FE6BF62A0272520064594A /* StoryTableViewCell.xib */; };
		37FE6BFB2A0278CC0064594A /* StoryCollectionViewCell.swift in Sources */ = {isa = PBXBuildFile; fileRef = 37FE6BF92A0278CC0064594A /* StoryCollectionViewCell.swift */; };
		37FE6BFC2A0278CC0064594A /* StoryCollectionViewCell.xib in Resources */ = {isa = PBXBuildFile; fileRef = 37FE6BFA2A0278CC0064594A /* StoryCollectionViewCell.xib */; };
		37FE6BFF2A0BD0EC0064594A /* ProfileViewController.swift in Sources */ = {isa = PBXBuildFile; fileRef = 37FE6BFE2A0BD0EC0064594A /* ProfileViewController.swift */; };
		37FE6C032A0BD65D0064594A /* ProfileCollectionViewCell.swift in Sources */ = {isa = PBXBuildFile; fileRef = 37FE6C012A0BD65D0064594A /* ProfileCollectionViewCell.swift */; };
		37FE6C042A0BD65D0064594A /* ProfileCollectionViewCell.xib in Resources */ = {isa = PBXBuildFile; fileRef = 37FE6C022A0BD65D0064594A /* ProfileCollectionViewCell.xib */; };
		37FE6C092A0BEBFD0064594A /* PostCollectionViewCell.swift in Sources */ = {isa = PBXBuildFile; fileRef = 37FE6C072A0BEBFD0064594A /* PostCollectionViewCell.swift */; };
		37FE6C0A2A0BEBFD0064594A /* PostCollectionViewCell.xib in Resources */ = {isa = PBXBuildFile; fileRef = 37FE6C082A0BEBFD0064594A /* PostCollectionViewCell.xib */; };
/* End PBXBuildFile section */

/* Begin PBXFileReference section */
		3734D8C229D199A100D4B0C5 /* Catstagram.app */ = {isa = PBXFileReference; explicitFileType = wrapper.application; includeInIndex = 0; path = Catstagram.app; sourceTree = BUILT_PRODUCTS_DIR; };
		3734D8C529D199A100D4B0C5 /* AppDelegate.swift */ = {isa = PBXFileReference; lastKnownFileType = sourcecode.swift; path = AppDelegate.swift; sourceTree = "<group>"; };
		3734D8C729D199A100D4B0C5 /* SceneDelegate.swift */ = {isa = PBXFileReference; lastKnownFileType = sourcecode.swift; path = SceneDelegate.swift; sourceTree = "<group>"; };
		3734D8CC29D199A100D4B0C5 /* Base */ = {isa = PBXFileReference; lastKnownFileType = file.storyboard; name = Base; path = Base.lproj/Main.storyboard; sourceTree = "<group>"; };
		3734D8CE29D199A400D4B0C5 /* Assets.xcassets */ = {isa = PBXFileReference; lastKnownFileType = folder.assetcatalog; path = Assets.xcassets; sourceTree = "<group>"; };
		3734D8D129D199A400D4B0C5 /* Base */ = {isa = PBXFileReference; lastKnownFileType = file.storyboard; name = Base; path = Base.lproj/LaunchScreen.storyboard; sourceTree = "<group>"; };
		3734D8D329D199A400D4B0C5 /* Info.plist */ = {isa = PBXFileReference; lastKnownFileType = text.plist.xml; path = Info.plist; sourceTree = "<group>"; };
		3734D8D929D27F6900D4B0C5 /* RegisterViewController.swift */ = {isa = PBXFileReference; lastKnownFileType = sourcecode.swift; path = RegisterViewController.swift; sourceTree = "<group>"; };
		3734D8DB29D27FA800D4B0C5 /* LoginViewController.swift */ = {isa = PBXFileReference; lastKnownFileType = sourcecode.swift; path = LoginViewController.swift; sourceTree = "<group>"; };
		3734D8DD29D31A3B00D4B0C5 /* UIView+Extension.swift */ = {isa = PBXFileReference; lastKnownFileType = sourcecode.swift; path = "UIView+Extension.swift"; sourceTree = "<group>"; };
		3734D8DF29D31CBF00D4B0C5 /* UIViewController+Extension.swift */ = {isa = PBXFileReference; lastKnownFileType = sourcecode.swift; path = "UIViewController+Extension.swift"; sourceTree = "<group>"; };
		3734D8E129D46AC600D4B0C5 /* UserInfo.swift */ = {isa = PBXFileReference; lastKnownFileType = sourcecode.swift; path = UserInfo.swift; sourceTree = "<group>"; };
		3734D8E329D471BD00D4B0C5 /* TestViewController.swift */ = {isa = PBXFileReference; lastKnownFileType = sourcecode.swift; path = TestViewController.swift; sourceTree = "<group>"; };
		375DC9E52A13BA6B004295A3 /* FeedAPIInput.swift */ = {isa = PBXFileReference; lastKnownFileType = sourcecode.swift; path = FeedAPIInput.swift; sourceTree = "<group>"; };
		375DC9E72A13BB3F004295A3 /* FeedModel.swift */ = {isa = PBXFileReference; lastKnownFileType = sourcecode.swift; path = FeedModel.swift; sourceTree = "<group>"; };
		375DC9E92A13BBAC004295A3 /* FeedDataManager.swift */ = {isa = PBXFileReference; lastKnownFileType = sourcecode.swift; path = FeedDataManager.swift; sourceTree = "<group>"; };
		375DC9EC2A13DDAA004295A3 /* FeedUploadInput.swift */ = {isa = PBXFileReference; lastKnownFileType = sourcecode.swift; path = FeedUploadInput.swift; sourceTree = "<group>"; };
		375DC9EE2A13DDFB004295A3 /* FeedUploadModel.swift */ = {isa = PBXFileReference; lastKnownFileType = sourcecode.swift; path = FeedUploadModel.swift; sourceTree = "<group>"; };
		375DC9F02A13DED9004295A3 /* FeedUploadDataManager.swift */ = {isa = PBXFileReference; lastKnownFileType = sourcecode.swift; path = FeedUploadDataManager.swift; sourceTree = "<group>"; };
		375DC9F82A13E94F004295A3 /* UserFeedModel.swift */ = {isa = PBXFileReference; lastKnownFileType = sourcecode.swift; path = UserFeedModel.swift; sourceTree = "<group>"; };
		375DC9FA2A13EC4B004295A3 /* UserFeedDataManager.swift */ = {isa = PBXFileReference; lastKnownFileType = sourcecode.swift; path = UserFeedDataManager.swift; sourceTree = "<group>"; };
		37AA62AC29FFA3640098DE37 /* HomeViewController.swift */ = {isa = PBXFileReference; lastKnownFileType = sourcecode.swift; path = HomeViewController.swift; sourceTree = "<group>"; };
		37AA62AF29FFA80C0098DE37 /* FeedTableViewCell.swift */ = {isa = PBXFileReference; lastKnownFileType = sourcecode.swift; path = FeedTableViewCell.swift; sourceTree = "<group>"; };
		37AA62B029FFA80C0098DE37 /* FeedTableViewCell.xib */ = {isa = PBXFileReference; lastKnownFileType = file.xib; path = FeedTableViewCell.xib; sourceTree = "<group>"; };
		37FE6BF52A0272520064594A /* StoryTableViewCell.swift */ = {isa = PBXFileReference; lastKnownFileType = sourcecode.swift; path = StoryTableViewCell.swift; sourceTree = "<group>"; };
		37FE6BF62A0272520064594A /* StoryTableViewCell.xib */ = {isa = PBXFileReference; lastKnownFileType = file.xib; path = StoryTableViewCell.xib; sourceTree = "<group>"; };
		37FE6BF92A0278CC0064594A /* StoryCollectionViewCell.swift */ = {isa = PBXFileReference; lastKnownFileType = sourcecode.swift; path = StoryCollectionViewCell.swift; sourceTree = "<group>"; };
		37FE6BFA2A0278CC0064594A /* StoryCollectionViewCell.xib */ = {isa = PBXFileReference; lastKnownFileType = file.xib; path = StoryCollectionViewCell.xib; sourceTree = "<group>"; };
		37FE6BFE2A0BD0EC0064594A /* ProfileViewController.swift */ = {isa = PBXFileReference; lastKnownFileType = sourcecode.swift; path = ProfileViewController.swift; sourceTree = "<group>"; };
		37FE6C012A0BD65D0064594A /* ProfileCollectionViewCell.swift */ = {isa = PBXFileReference; lastKnownFileType = sourcecode.swift; path = ProfileCollectionViewCell.swift; sourceTree = "<group>"; };
		37FE6C022A0BD65D0064594A /* ProfileCollectionViewCell.xib */ = {isa = PBXFileReference; lastKnownFileType = file.xib; path = ProfileCollectionViewCell.xib; sourceTree = "<group>"; };
		37FE6C072A0BEBFD0064594A /* PostCollectionViewCell.swift */ = {isa = PBXFileReference; lastKnownFileType = sourcecode.swift; path = PostCollectionViewCell.swift; sourceTree = "<group>"; };
		37FE6C082A0BEBFD0064594A /* PostCollectionViewCell.xib */ = {isa = PBXFileReference; lastKnownFileType = file.xib; path = PostCollectionViewCell.xib; sourceTree = "<group>"; };
		931C4E660FA203EBC1C1E91D /* Pods_Catstagram.framework */ = {isa = PBXFileReference; explicitFileType = wrapper.framework; includeInIndex = 0; path = Pods_Catstagram.framework; sourceTree = BUILT_PRODUCTS_DIR; };
		A9CE6EDB04DA9225F4E40AC7 /* Pods-Catstagram.release.xcconfig */ = {isa = PBXFileReference; includeInIndex = 1; lastKnownFileType = text.xcconfig; name = "Pods-Catstagram.release.xcconfig"; path = "Target Support Files/Pods-Catstagram/Pods-Catstagram.release.xcconfig"; sourceTree = "<group>"; };
		FE057F4738078AE18687BF45 /* Pods-Catstagram.debug.xcconfig */ = {isa = PBXFileReference; includeInIndex = 1; lastKnownFileType = text.xcconfig; name = "Pods-Catstagram.debug.xcconfig"; path = "Target Support Files/Pods-Catstagram/Pods-Catstagram.debug.xcconfig"; sourceTree = "<group>"; };
/* End PBXFileReference section */

/* Begin PBXFrameworksBuildPhase section */
		3734D8BF29D199A100D4B0C5 /* Frameworks */ = {
			isa = PBXFrameworksBuildPhase;
			buildActionMask = 2147483647;
			files = (
				1077C4FC4F5B717577E416C7 /* Pods_Catstagram.framework in Frameworks */,
			);
			runOnlyForDeploymentPostprocessing = 0;
		};
/* End PBXFrameworksBuildPhase section */

/* Begin PBXGroup section */
		3734D8B929D199A100D4B0C5 = {
			isa = PBXGroup;
			children = (
				3734D8C429D199A100D4B0C5 /* Catstagram */,
				3734D8C329D199A100D4B0C5 /* Products */,
				BFFA09C2765EF5BA31F8E3D9 /* Pods */,
				A0978B325F29EE8104FEAFA7 /* Frameworks */,
			);
			sourceTree = "<group>";
		};
		3734D8C329D199A100D4B0C5 /* Products */ = {
			isa = PBXGroup;
			children = (
				3734D8C229D199A100D4B0C5 /* Catstagram.app */,
			);
			name = Products;
			sourceTree = "<group>";
		};
		3734D8C429D199A100D4B0C5 /* Catstagram */ = {
			isa = PBXGroup;
			children = (
				375DC9F42A13E702004295A3 /* UserInterface */,
				375DC9F22A13E6BE004295A3 /* App */,
				3734D8CB29D199A100D4B0C5 /* Main.storyboard */,
				3734D8E329D471BD00D4B0C5 /* TestViewController.swift */,
				3734D8DF29D31CBF00D4B0C5 /* UIViewController+Extension.swift */,
				3734D8E129D46AC600D4B0C5 /* UserInfo.swift */,
				3734D8DD29D31A3B00D4B0C5 /* UIView+Extension.swift */,
				3734D8CE29D199A400D4B0C5 /* Assets.xcassets */,
				3734D8D029D199A400D4B0C5 /* LaunchScreen.storyboard */,
				3734D8D329D199A400D4B0C5 /* Info.plist */,
			);
			path = Catstagram;
			sourceTree = "<group>";
		};
		375DC9E42A13BA46004295A3 /* FeedDataManager */ = {
			isa = PBXGroup;
			children = (
				375DC9E52A13BA6B004295A3 /* FeedAPIInput.swift */,
				375DC9E72A13BB3F004295A3 /* FeedModel.swift */,
				375DC9E92A13BBAC004295A3 /* FeedDataManager.swift */,
			);
			path = FeedDataManager;
			sourceTree = "<group>";
		};
		375DC9EB2A13DD74004295A3 /* FeedUploadDataManager */ = {
			isa = PBXGroup;
			children = (
				375DC9EC2A13DDAA004295A3 /* FeedUploadInput.swift */,
				375DC9EE2A13DDFB004295A3 /* FeedUploadModel.swift */,
				375DC9F02A13DED9004295A3 /* FeedUploadDataManager.swift */,
			);
			path = FeedUploadDataManager;
			sourceTree = "<group>";
		};
		375DC9F22A13E6BE004295A3 /* App */ = {
			isa = PBXGroup;
			children = (
				3734D8C529D199A100D4B0C5 /* AppDelegate.swift */,
				3734D8C729D199A100D4B0C5 /* SceneDelegate.swift */,
			);
			path = App;
			sourceTree = "<group>";
		};
		375DC9F32A13E6CD004295A3 /* Authentication */ = {
			isa = PBXGroup;
			children = (
				3734D8DB29D27FA800D4B0C5 /* LoginViewController.swift */,
				3734D8D929D27F6900D4B0C5 /* RegisterViewController.swift */,
			);
			path = Authentication;
			sourceTree = "<group>";
		};
		375DC9F42A13E702004295A3 /* UserInterface */ = {
			isa = PBXGroup;
			children = (
				37FE6BFD2A0BD0C50064594A /* Profile */,
				37AA62AB29FFA34A0098DE37 /* Home */,
				375DC9F32A13E6CD004295A3 /* Authentication */,
			);
			path = UserInterface;
			sourceTree = "<group>";
		};
		375DC9F52A13E907004295A3 /* UserFeedDataManager */ = {
			isa = PBXGroup;
			children = (
				375DC9F82A13E94F004295A3 /* UserFeedModel.swift */,
				375DC9FA2A13EC4B004295A3 /* UserFeedDataManager.swift */,
			);
			path = UserFeedDataManager;
			sourceTree = "<group>";
		};
		37AA62AB29FFA34A0098DE37 /* Home */ = {
			isa = PBXGroup;
			children = (
				375DC9EB2A13DD74004295A3 /* FeedUploadDataManager */,
				375DC9E42A13BA46004295A3 /* FeedDataManager */,
				37AA62AE29FFA7A00098DE37 /* Cell */,
				37AA62AC29FFA3640098DE37 /* HomeViewController.swift */,
			);
			path = Home;
			sourceTree = "<group>";
		};
		37AA62AE29FFA7A00098DE37 /* Cell */ = {
			isa = PBXGroup;
			children = (
				37AA62AF29FFA80C0098DE37 /* FeedTableViewCell.swift */,
				37AA62B029FFA80C0098DE37 /* FeedTableViewCell.xib */,
				37FE6BF52A0272520064594A /* StoryTableViewCell.swift */,
				37FE6BF62A0272520064594A /* StoryTableViewCell.xib */,
				37FE6BF92A0278CC0064594A /* StoryCollectionViewCell.swift */,
				37FE6BFA2A0278CC0064594A /* StoryCollectionViewCell.xib */,
			);
			path = Cell;
			sourceTree = "<group>";
		};
		37FE6BFD2A0BD0C50064594A /* Profile */ = {
			isa = PBXGroup;
			children = (
				375DC9F52A13E907004295A3 /* UserFeedDataManager */,
				37FE6C002A0BD6250064594A /* Cell */,
				37FE6BFE2A0BD0EC0064594A /* ProfileViewController.swift */,
			);
			path = Profile;
			sourceTree = "<group>";
		};
		37FE6C002A0BD6250064594A /* Cell */ = {
			isa = PBXGroup;
			children = (
				37FE6C062A0BEBDF0064594A /* PostCell */,
				37FE6C052A0BEBD10064594A /* ProfileCell */,
			);
			path = Cell;
			sourceTree = "<group>";
		};
		37FE6C052A0BEBD10064594A /* ProfileCell */ = {
			isa = PBXGroup;
			children = (
				37FE6C012A0BD65D0064594A /* ProfileCollectionViewCell.swift */,
				37FE6C022A0BD65D0064594A /* ProfileCollectionViewCell.xib */,
			);
			path = ProfileCell;
			sourceTree = "<group>";
		};
		37FE6C062A0BEBDF0064594A /* PostCell */ = {
			isa = PBXGroup;
			children = (
				37FE6C072A0BEBFD0064594A /* PostCollectionViewCell.swift */,
				37FE6C082A0BEBFD0064594A /* PostCollectionViewCell.xib */,
			);
			path = PostCell;
			sourceTree = "<group>";
		};
		A0978B325F29EE8104FEAFA7 /* Frameworks */ = {
			isa = PBXGroup;
			children = (
				931C4E660FA203EBC1C1E91D /* Pods_Catstagram.framework */,
			);
			name = Frameworks;
			sourceTree = "<group>";
		};
		BFFA09C2765EF5BA31F8E3D9 /* Pods */ = {
			isa = PBXGroup;
			children = (
				FE057F4738078AE18687BF45 /* Pods-Catstagram.debug.xcconfig */,
				A9CE6EDB04DA9225F4E40AC7 /* Pods-Catstagram.release.xcconfig */,
			);
			path = Pods;
			sourceTree = "<group>";
		};
/* End PBXGroup section */

/* Begin PBXNativeTarget section */
		3734D8C129D199A100D4B0C5 /* Catstagram */ = {
			isa = PBXNativeTarget;
			buildConfigurationList = 3734D8D629D199A400D4B0C5 /* Build configuration list for PBXNativeTarget "Catstagram" */;
			buildPhases = (
				75A3E859C7943BD2EFC81680 /* [CP] Check Pods Manifest.lock */,
				3734D8BE29D199A100D4B0C5 /* Sources */,
				3734D8BF29D199A100D4B0C5 /* Frameworks */,
				3734D8C029D199A100D4B0C5 /* Resources */,
				5DABB62838EC8C78A107C037 /* [CP] Embed Pods Frameworks */,
			);
			buildRules = (
			);
			dependencies = (
			);
			name = Catstagram;
			productName = Catstagram;
			productReference = 3734D8C229D199A100D4B0C5 /* Catstagram.app */;
			productType = "com.apple.product-type.application";
		};
/* End PBXNativeTarget section */

/* Begin PBXProject section */
		3734D8BA29D199A100D4B0C5 /* Project object */ = {
			isa = PBXProject;
			attributes = {
				BuildIndependentTargetsInParallel = 1;
				LastSwiftUpdateCheck = 1420;
				LastUpgradeCheck = 1420;
				TargetAttributes = {
					3734D8C129D199A100D4B0C5 = {
						CreatedOnToolsVersion = 14.2;
					};
				};
			};
			buildConfigurationList = 3734D8BD29D199A100D4B0C5 /* Build configuration list for PBXProject "Catstagram" */;
			compatibilityVersion = "Xcode 14.0";
			developmentRegion = en;
			hasScannedForEncodings = 0;
			knownRegions = (
				en,
				Base,
			);
			mainGroup = 3734D8B929D199A100D4B0C5;
			productRefGroup = 3734D8C329D199A100D4B0C5 /* Products */;
			projectDirPath = "";
			projectRoot = "";
			targets = (
				3734D8C129D199A100D4B0C5 /* Catstagram */,
			);
		};
/* End PBXProject section */

/* Begin PBXResourcesBuildPhase section */
		3734D8C029D199A100D4B0C5 /* Resources */ = {
			isa = PBXResourcesBuildPhase;
			buildActionMask = 2147483647;
			files = (
				37FE6C0A2A0BEBFD0064594A /* PostCollectionViewCell.xib in Resources */,
				3734D8D229D199A400D4B0C5 /* LaunchScreen.storyboard in Resources */,
				37AA62B229FFA80C0098DE37 /* FeedTableViewCell.xib in Resources */,
				3734D8CF29D199A400D4B0C5 /* Assets.xcassets in Resources */,
				37FE6C042A0BD65D0064594A /* ProfileCollectionViewCell.xib in Resources */,
				37FE6BF82A0272520064594A /* StoryTableViewCell.xib in Resources */,
				37FE6BFC2A0278CC0064594A /* StoryCollectionViewCell.xib in Resources */,
				3734D8CD29D199A100D4B0C5 /* Main.storyboard in Resources */,
			);
			runOnlyForDeploymentPostprocessing = 0;
		};
/* End PBXResourcesBuildPhase section */

/* Begin PBXShellScriptBuildPhase section */
		5DABB62838EC8C78A107C037 /* [CP] Embed Pods Frameworks */ = {
			isa = PBXShellScriptBuildPhase;
			buildActionMask = 2147483647;
			files = (
			);
			inputFileListPaths = (
				"${PODS_ROOT}/Target Support Files/Pods-Catstagram/Pods-Catstagram-frameworks-${CONFIGURATION}-input-files.xcfilelist",
			);
			name = "[CP] Embed Pods Frameworks";
			outputFileListPaths = (
				"${PODS_ROOT}/Target Support Files/Pods-Catstagram/Pods-Catstagram-frameworks-${CONFIGURATION}-output-files.xcfilelist",
			);
			runOnlyForDeploymentPostprocessing = 0;
			shellPath = /bin/sh;
			shellScript = "\"${PODS_ROOT}/Target Support Files/Pods-Catstagram/Pods-Catstagram-frameworks.sh\"\n";
			showEnvVarsInLog = 0;
		};
		75A3E859C7943BD2EFC81680 /* [CP] Check Pods Manifest.lock */ = {
			isa = PBXShellScriptBuildPhase;
			buildActionMask = 2147483647;
			files = (
			);
			inputFileListPaths = (
			);
			inputPaths = (
				"${PODS_PODFILE_DIR_PATH}/Podfile.lock",
				"${PODS_ROOT}/Manifest.lock",
			);
			name = "[CP] Check Pods Manifest.lock";
			outputFileListPaths = (
			);
			outputPaths = (
				"$(DERIVED_FILE_DIR)/Pods-Catstagram-checkManifestLockResult.txt",
			);
			runOnlyForDeploymentPostprocessing = 0;
			shellPath = /bin/sh;
			shellScript = "diff \"${PODS_PODFILE_DIR_PATH}/Podfile.lock\" \"${PODS_ROOT}/Manifest.lock\" > /dev/null\nif [ $? != 0 ] ; then\n    # print error to STDERR\n    echo \"error: The sandbox is not in sync with the Podfile.lock. Run 'pod install' or update your CocoaPods installation.\" >&2\n    exit 1\nfi\n# This output is used by Xcode 'outputs' to avoid re-running this script phase.\necho \"SUCCESS\" > \"${SCRIPT_OUTPUT_FILE_0}\"\n";
			showEnvVarsInLog = 0;
		};
/* End PBXShellScriptBuildPhase section */

/* Begin PBXSourcesBuildPhase section */
		3734D8BE29D199A100D4B0C5 /* Sources */ = {
			isa = PBXSourcesBuildPhase;
			buildActionMask = 2147483647;
			files = (
				3734D8E029D31CBF00D4B0C5 /* UIViewController+Extension.swift in Sources */,
				3734D8DC29D27FA800D4B0C5 /* LoginViewController.swift in Sources */,
				375DC9EF2A13DDFB004295A3 /* FeedUploadModel.swift in Sources */,
				375DC9FB2A13EC4B004295A3 /* UserFeedDataManager.swift in Sources */,
				375DC9E82A13BB3F004295A3 /* FeedModel.swift in Sources */,
				3734D8E429D471BD00D4B0C5 /* TestViewController.swift in Sources */,
				375DC9ED2A13DDAA004295A3 /* FeedUploadInput.swift in Sources */,
				375DC9F92A13E94F004295A3 /* UserFeedModel.swift in Sources */,
				37FE6BF72A0272520064594A /* StoryTableViewCell.swift in Sources */,
				375DC9EA2A13BBAC004295A3 /* FeedDataManager.swift in Sources */,
				37FE6BFB2A0278CC0064594A /* StoryCollectionViewCell.swift in Sources */,
				37FE6C092A0BEBFD0064594A /* PostCollectionViewCell.swift in Sources */,
				3734D8C629D199A100D4B0C5 /* AppDelegate.swift in Sources */,
				3734D8C829D199A100D4B0C5 /* SceneDelegate.swift in Sources */,
				375DC9F12A13DED9004295A3 /* FeedUploadDataManager.swift in Sources */,
				37AA62AD29FFA3640098DE37 /* HomeViewController.swift in Sources */,
				3734D8DE29D31A3B00D4B0C5 /* UIView+Extension.swift in Sources */,
				3734D8E229D46AC600D4B0C5 /* UserInfo.swift in Sources */,
				375DC9E62A13BA6B004295A3 /* FeedAPIInput.swift in Sources */,
				37FE6C032A0BD65D0064594A /* ProfileCollectionViewCell.swift in Sources */,
				37FE6BFF2A0BD0EC0064594A /* ProfileViewController.swift in Sources */,
				3734D8DA29D27F6900D4B0C5 /* RegisterViewController.swift in Sources */,
				37AA62B129FFA80C0098DE37 /* FeedTableViewCell.swift in Sources */,
			);
			runOnlyForDeploymentPostprocessing = 0;
		};
/* End PBXSourcesBuildPhase section */

/* Begin PBXVariantGroup section */
		3734D8CB29D199A100D4B0C5 /* Main.storyboard */ = {
			isa = PBXVariantGroup;
			children = (
				3734D8CC29D199A100D4B0C5 /* Base */,
			);
			name = Main.storyboard;
			sourceTree = "<group>";
		};
		3734D8D029D199A400D4B0C5 /* LaunchScreen.storyboard */ = {
			isa = PBXVariantGroup;
			children = (
				3734D8D129D199A400D4B0C5 /* Base */,
			);
			name = LaunchScreen.storyboard;
			sourceTree = "<group>";
		};
/* End PBXVariantGroup section */

/* Begin XCBuildConfiguration section */
		3734D8D429D199A400D4B0C5 /* Debug */ = {
			isa = XCBuildConfiguration;
			buildSettings = {
				ALWAYS_SEARCH_USER_PATHS = NO;
				CLANG_ANALYZER_NONNULL = YES;
				CLANG_ANALYZER_NUMBER_OBJECT_CONVERSION = YES_AGGRESSIVE;
				CLANG_CXX_LANGUAGE_STANDARD = "gnu++20";
				CLANG_ENABLE_MODULES = YES;
				CLANG_ENABLE_OBJC_ARC = YES;
				CLANG_ENABLE_OBJC_WEAK = YES;
				CLANG_WARN_BLOCK_CAPTURE_AUTORELEASING = YES;
				CLANG_WARN_BOOL_CONVERSION = YES;
				CLANG_WARN_COMMA = YES;
				CLANG_WARN_CONSTANT_CONVERSION = YES;
				CLANG_WARN_DEPRECATED_OBJC_IMPLEMENTATIONS = YES;
				CLANG_WARN_DIRECT_OBJC_ISA_USAGE = YES_ERROR;
				CLANG_WARN_DOCUMENTATION_COMMENTS = YES;
				CLANG_WARN_EMPTY_BODY = YES;
				CLANG_WARN_ENUM_CONVERSION = YES;
				CLANG_WARN_INFINITE_RECURSION = YES;
				CLANG_WARN_INT_CONVERSION = YES;
				CLANG_WARN_NON_LITERAL_NULL_CONVERSION = YES;
				CLANG_WARN_OBJC_IMPLICIT_RETAIN_SELF = YES;
				CLANG_WARN_OBJC_LITERAL_CONVERSION = YES;
				CLANG_WARN_OBJC_ROOT_CLASS = YES_ERROR;
				CLANG_WARN_QUOTED_INCLUDE_IN_FRAMEWORK_HEADER = YES;
				CLANG_WARN_RANGE_LOOP_ANALYSIS = YES;
				CLANG_WARN_STRICT_PROTOTYPES = YES;
				CLANG_WARN_SUSPICIOUS_MOVE = YES;
				CLANG_WARN_UNGUARDED_AVAILABILITY = YES_AGGRESSIVE;
				CLANG_WARN_UNREACHABLE_CODE = YES;
				CLANG_WARN__DUPLICATE_METHOD_MATCH = YES;
				COPY_PHASE_STRIP = NO;
				DEBUG_INFORMATION_FORMAT = dwarf;
				ENABLE_STRICT_OBJC_MSGSEND = YES;
				ENABLE_TESTABILITY = YES;
				GCC_C_LANGUAGE_STANDARD = gnu11;
				GCC_DYNAMIC_NO_PIC = NO;
				GCC_NO_COMMON_BLOCKS = YES;
				GCC_OPTIMIZATION_LEVEL = 0;
				GCC_PREPROCESSOR_DEFINITIONS = (
					"DEBUG=1",
					"$(inherited)",
				);
				GCC_WARN_64_TO_32_BIT_CONVERSION = YES;
				GCC_WARN_ABOUT_RETURN_TYPE = YES_ERROR;
				GCC_WARN_UNDECLARED_SELECTOR = YES;
				GCC_WARN_UNINITIALIZED_AUTOS = YES_AGGRESSIVE;
				GCC_WARN_UNUSED_FUNCTION = YES;
				GCC_WARN_UNUSED_VARIABLE = YES;
				IPHONEOS_DEPLOYMENT_TARGET = 16.2;
				MTL_ENABLE_DEBUG_INFO = INCLUDE_SOURCE;
				MTL_FAST_MATH = YES;
				ONLY_ACTIVE_ARCH = YES;
				SDKROOT = iphoneos;
				SWIFT_ACTIVE_COMPILATION_CONDITIONS = DEBUG;
				SWIFT_OPTIMIZATION_LEVEL = "-Onone";
			};
			name = Debug;
		};
		3734D8D529D199A400D4B0C5 /* Release */ = {
			isa = XCBuildConfiguration;
			buildSettings = {
				ALWAYS_SEARCH_USER_PATHS = NO;
				CLANG_ANALYZER_NONNULL = YES;
				CLANG_ANALYZER_NUMBER_OBJECT_CONVERSION = YES_AGGRESSIVE;
				CLANG_CXX_LANGUAGE_STANDARD = "gnu++20";
				CLANG_ENABLE_MODULES = YES;
				CLANG_ENABLE_OBJC_ARC = YES;
				CLANG_ENABLE_OBJC_WEAK = YES;
				CLANG_WARN_BLOCK_CAPTURE_AUTORELEASING = YES;
				CLANG_WARN_BOOL_CONVERSION = YES;
				CLANG_WARN_COMMA = YES;
				CLANG_WARN_CONSTANT_CONVERSION = YES;
				CLANG_WARN_DEPRECATED_OBJC_IMPLEMENTATIONS = YES;
				CLANG_WARN_DIRECT_OBJC_ISA_USAGE = YES_ERROR;
				CLANG_WARN_DOCUMENTATION_COMMENTS = YES;
				CLANG_WARN_EMPTY_BODY = YES;
				CLANG_WARN_ENUM_CONVERSION = YES;
				CLANG_WARN_INFINITE_RECURSION = YES;
				CLANG_WARN_INT_CONVERSION = YES;
				CLANG_WARN_NON_LITERAL_NULL_CONVERSION = YES;
				CLANG_WARN_OBJC_IMPLICIT_RETAIN_SELF = YES;
				CLANG_WARN_OBJC_LITERAL_CONVERSION = YES;
				CLANG_WARN_OBJC_ROOT_CLASS = YES_ERROR;
				CLANG_WARN_QUOTED_INCLUDE_IN_FRAMEWORK_HEADER = YES;
				CLANG_WARN_RANGE_LOOP_ANALYSIS = YES;
				CLANG_WARN_STRICT_PROTOTYPES = YES;
				CLANG_WARN_SUSPICIOUS_MOVE = YES;
				CLANG_WARN_UNGUARDED_AVAILABILITY = YES_AGGRESSIVE;
				CLANG_WARN_UNREACHABLE_CODE = YES;
				CLANG_WARN__DUPLICATE_METHOD_MATCH = YES;
				COPY_PHASE_STRIP = NO;
				DEBUG_INFORMATION_FORMAT = "dwarf-with-dsym";
				ENABLE_NS_ASSERTIONS = NO;
				ENABLE_STRICT_OBJC_MSGSEND = YES;
				GCC_C_LANGUAGE_STANDARD = gnu11;
				GCC_NO_COMMON_BLOCKS = YES;
				GCC_WARN_64_TO_32_BIT_CONVERSION = YES;
				GCC_WARN_ABOUT_RETURN_TYPE = YES_ERROR;
				GCC_WARN_UNDECLARED_SELECTOR = YES;
				GCC_WARN_UNINITIALIZED_AUTOS = YES_AGGRESSIVE;
				GCC_WARN_UNUSED_FUNCTION = YES;
				GCC_WARN_UNUSED_VARIABLE = YES;
				IPHONEOS_DEPLOYMENT_TARGET = 16.2;
				MTL_ENABLE_DEBUG_INFO = NO;
				MTL_FAST_MATH = YES;
				SDKROOT = iphoneos;
				SWIFT_COMPILATION_MODE = wholemodule;
				SWIFT_OPTIMIZATION_LEVEL = "-O";
				VALIDATE_PRODUCT = YES;
			};
			name = Release;
		};
		3734D8D729D199A400D4B0C5 /* Debug */ = {
			isa = XCBuildConfiguration;
			baseConfigurationReference = FE057F4738078AE18687BF45 /* Pods-Catstagram.debug.xcconfig */;
			buildSettings = {
				ASSETCATALOG_COMPILER_APPICON_NAME = AppIcon;
				ASSETCATALOG_COMPILER_GLOBAL_ACCENT_COLOR_NAME = AccentColor;
				CODE_SIGN_STYLE = Automatic;
				CURRENT_PROJECT_VERSION = 1;
				DEVELOPMENT_TEAM = UN58VJRXVV;
				GENERATE_INFOPLIST_FILE = YES;
				INFOPLIST_FILE = Catstagram/Info.plist;
				INFOPLIST_KEY_UIApplicationSupportsIndirectInputEvents = YES;
				INFOPLIST_KEY_UILaunchStoryboardName = LaunchScreen;
				INFOPLIST_KEY_UIMainStoryboardFile = Main;
				INFOPLIST_KEY_UISupportedInterfaceOrientations_iPad = "UIInterfaceOrientationPortrait UIInterfaceOrientationPortraitUpsideDown UIInterfaceOrientationLandscapeLeft UIInterfaceOrientationLandscapeRight";
				INFOPLIST_KEY_UISupportedInterfaceOrientations_iPhone = "UIInterfaceOrientationPortrait UIInterfaceOrientationLandscapeLeft UIInterfaceOrientationLandscapeRight";
				LD_RUNPATH_SEARCH_PATHS = (
					"$(inherited)",
					"@executable_path/Frameworks",
				);
				MARKETING_VERSION = 1.0;
				PRODUCT_BUNDLE_IDENTIFIER = JungYeon.Catstagram;
				PRODUCT_NAME = "$(TARGET_NAME)";
				SWIFT_EMIT_LOC_STRINGS = YES;
				SWIFT_VERSION = 5.0;
				TARGETED_DEVICE_FAMILY = "1,2";
			};
			name = Debug;
		};
		3734D8D829D199A400D4B0C5 /* Release */ = {
			isa = XCBuildConfiguration;
			baseConfigurationReference = A9CE6EDB04DA9225F4E40AC7 /* Pods-Catstagram.release.xcconfig */;
			buildSettings = {
				ASSETCATALOG_COMPILER_APPICON_NAME = AppIcon;
				ASSETCATALOG_COMPILER_GLOBAL_ACCENT_COLOR_NAME = AccentColor;
				CODE_SIGN_STYLE = Automatic;
				CURRENT_PROJECT_VERSION = 1;
				DEVELOPMENT_TEAM = UN58VJRXVV;
				GENERATE_INFOPLIST_FILE = YES;
				INFOPLIST_FILE = Catstagram/Info.plist;
				INFOPLIST_KEY_UIApplicationSupportsIndirectInputEvents = YES;
				INFOPLIST_KEY_UILaunchStoryboardName = LaunchScreen;
				INFOPLIST_KEY_UIMainStoryboardFile = Main;
				INFOPLIST_KEY_UISupportedInterfaceOrientations_iPad = "UIInterfaceOrientationPortrait UIInterfaceOrientationPortraitUpsideDown UIInterfaceOrientationLandscapeLeft UIInterfaceOrientationLandscapeRight";
				INFOPLIST_KEY_UISupportedInterfaceOrientations_iPhone = "UIInterfaceOrientationPortrait UIInterfaceOrientationLandscapeLeft UIInterfaceOrientationLandscapeRight";
				LD_RUNPATH_SEARCH_PATHS = (
					"$(inherited)",
					"@executable_path/Frameworks",
				);
				MARKETING_VERSION = 1.0;
				PRODUCT_BUNDLE_IDENTIFIER = JungYeon.Catstagram;
				PRODUCT_NAME = "$(TARGET_NAME)";
				SWIFT_EMIT_LOC_STRINGS = YES;
				SWIFT_VERSION = 5.0;
				TARGETED_DEVICE_FAMILY = "1,2";
			};
			name = Release;
		};
/* End XCBuildConfiguration section */

/* Begin XCConfigurationList section */
		3734D8BD29D199A100D4B0C5 /* Build configuration list for PBXProject "Catstagram" */ = {
			isa = XCConfigurationList;
			buildConfigurations = (
				3734D8D429D199A400D4B0C5 /* Debug */,
				3734D8D529D199A400D4B0C5 /* Release */,
			);
			defaultConfigurationIsVisible = 0;
			defaultConfigurationName = Release;
		};
		3734D8D629D199A400D4B0C5 /* Build configuration list for PBXNativeTarget "Catstagram" */ = {
			isa = XCConfigurationList;
			buildConfigurations = (
				3734D8D729D199A400D4B0C5 /* Debug */,
				3734D8D829D199A400D4B0C5 /* Release */,
			);
			defaultConfigurationIsVisible = 0;
			defaultConfigurationName = Release;
		};
/* End XCConfigurationList section */
	};
	rootObject = 3734D8BA29D199A100D4B0C5 /* Project object */;
}
